
Microsoft Visual Studio Solution File, Format Version 12.00
# Visual Studio Version 17
VisualStudioVersion = 17.0.31903.59
MinimumVisualStudioVersion = 10.0.40219.1
Project("{FAE04EC0-301F-11D3-BF4B-00C04F79EFBC}") = "CreditCardModel.ConsoleApp", "CreditCardModel.ConsoleApp\CreditCardModel.ConsoleApp.csproj", "{C17B5CE0-F2DF-45FC-8E0E-2012D850DC70}"
EndProject
Project("{FAE04EC0-301F-11D3-BF4B-00C04F79EFBC}") = "CreditCardModel.Model", "CreditCardModel.Model\CreditCardModel.Model.csproj", "{012B7F53-C62B-4BE0-A0AC-0F84936A3FFE}"
EndProject
Global
	GlobalSection(SolutionConfigurationPlatforms) = preSolution
		Debug|Any CPU = Debug|Any CPU
		Release|Any CPU = Release|Any CPU
	EndGlobalSection
	GlobalSection(SolutionProperties) = preSolution
		HideSolutionNode = FALSE
	EndGlobalSection
	GlobalSection(ProjectConfigurationPlatforms) = postSolution
		{C17B5CE0-F2DF-45FC-8E0E-2012D850DC70}.Debug|Any CPU.ActiveCfg = Debug|Any CPU
		{C17B5CE0-F2DF-45FC-8E0E-2012D850DC70}.Debug|Any CPU.Build.0 = Debug|Any CPU
		{C17B5CE0-F2DF-45FC-8E0E-2012D850DC70}.Release|Any CPU.ActiveCfg = Release|Any CPU
		{C17B5CE0-F2DF-45FC-8E0E-2012D850DC70}.Release|Any CPU.Build.0 = Release|Any CPU
		{012B7F53-C62B-4BE0-A0AC-0F84936A3FFE}.Debug|Any CPU.ActiveCfg = Debug|Any CPU
		{012B7F53-C62B-4BE0-A0AC-0F84936A3FFE}.Debug|Any CPU.Build.0 = Debug|Any CPU
		{012B7F53-C62B-4BE0-A0AC-0F84936A3FFE}.Release|Any CPU.ActiveCfg = Release|Any CPU
		{012B7F53-C62B-4BE0-A0AC-0F84936A3FFE}.Release|Any CPU.Build.0 = Release|Any CPU
	EndGlobalSection
EndGlobal
